
Microsoft Visual Studio Solution File, Format Version 12.00
# Visual Studio 15
VisualStudioVersion = 15.0.27703.2026
MinimumVisualStudioVersion = 10.0.40219.1
Project("{FAE04EC0-301F-11D3-BF4B-00C04F79EFBC}") = "JAC_DataBase", "JAC_DataBase\JAC_DataBase.csproj", "{01DC4F1B-1270-4E4D-9EA3-6EF45C3F2D97}"
EndProject
Project("{FAE04EC0-301F-11D3-BF4B-00C04F79EFBC}") = "testDll", "testDll\testDll.csproj", "{2950A1B7-0129-4F19-ABB4-792B4CB20AC4}"
EndProject
Project("{FAE04EC0-301F-11D3-BF4B-00C04F79EFBC}") = "Logger", "Logger\Logger\Logger.csproj", "{EC23428C-DF51-48E8-9A41-E33AA7B335C5}"
EndProject
Global
	GlobalSection(SolutionConfigurationPlatforms) = preSolution
		Debug|Any CPU = Debug|Any CPU
		Release|Any CPU = Release|Any CPU
	EndGlobalSection
	GlobalSection(ProjectConfigurationPlatforms) = postSolution
		{01DC4F1B-1270-4E4D-9EA3-6EF45C3F2D97}.Debug|Any CPU.ActiveCfg = Debug|Any CPU
		{01DC4F1B-1270-4E4D-9EA3-6EF45C3F2D97}.Debug|Any CPU.Build.0 = Debug|Any CPU
		{01DC4F1B-1270-4E4D-9EA3-6EF45C3F2D97}.Release|Any CPU.ActiveCfg = Release|Any CPU
		{01DC4F1B-1270-4E4D-9EA3-6EF45C3F2D97}.Release|Any CPU.Build.0 = Release|Any CPU
		{2950A1B7-0129-4F19-ABB4-792B4CB20AC4}.Debug|Any CPU.ActiveCfg = Debug|Any CPU
		{2950A1B7-0129-4F19-ABB4-792B4CB20AC4}.Debug|Any CPU.Build.0 = Debug|Any CPU
		{2950A1B7-0129-4F19-ABB4-792B4CB20AC4}.Release|Any CPU.ActiveCfg = Release|Any CPU
		{2950A1B7-0129-4F19-ABB4-792B4CB20AC4}.Release|Any CPU.Build.0 = Release|Any CPU
		{EC23428C-DF51-48E8-9A41-E33AA7B335C5}.Debug|Any CPU.ActiveCfg = Debug|Any CPU
		{EC23428C-DF51-48E8-9A41-E33AA7B335C5}.Debug|Any CPU.Build.0 = Debug|Any CPU
		{EC23428C-DF51-48E8-9A41-E33AA7B335C5}.Release|Any CPU.ActiveCfg = Release|Any CPU
		{EC23428C-DF51-48E8-9A41-E33AA7B335C5}.Release|Any CPU.Build.0 = Release|Any CPU
	EndGlobalSection
	GlobalSection(SolutionProperties) = preSolution
		HideSolutionNode = FALSE
	EndGlobalSection
	GlobalSection(ExtensibilityGlobals) = postSolution
		SolutionGuid = {0026507D-DACB-48DF-9E25-DE87B1264556}
	EndGlobalSection
EndGlobal
